// !$*UTF8*$!
{
	archiveVersion = 1;
	classes = {
	};
	objectVersion = 55;
	objects = {

/* Begin PBXBuildFile section */
		F4569E99277044FF00B0A61E /* AppDelegate.swift in Sources */ = {isa = PBXBuildFile; fileRef = F4569E98277044FF00B0A61E /* AppDelegate.swift */; };
		F4569E9B277044FF00B0A61E /* SceneDelegate.swift in Sources */ = {isa = PBXBuildFile; fileRef = F4569E9A277044FF00B0A61E /* SceneDelegate.swift */; };
		F4569E9D277044FF00B0A61E /* ViewController.swift in Sources */ = {isa = PBXBuildFile; fileRef = F4569E9C277044FF00B0A61E /* ViewController.swift */; };
		F4569EA0277044FF00B0A61E /* Main.storyboard in Resources */ = {isa = PBXBuildFile; fileRef = F4569E9E277044FF00B0A61E /* Main.storyboard */; };
		F4569EA22770450200B0A61E /* Assets.xcassets in Resources */ = {isa = PBXBuildFile; fileRef = F4569EA12770450200B0A61E /* Assets.xcassets */; };
		F4569EA52770450200B0A61E /* LaunchScreen.storyboard in Resources */ = {isa = PBXBuildFile; fileRef = F4569EA32770450200B0A61E /* LaunchScreen.storyboard */; };
		F4569EAD27704C3000B0A61E /* StretchyHeader.swift in Sources */ = {isa = PBXBuildFile; fileRef = F4569EAC27704C2F00B0A61E /* StretchyHeader.swift */; };
		F4569EB12770576300B0A61E /* UIImage + Extension.swift in Sources */ = {isa = PBXBuildFile; fileRef = F4569EB02770576300B0A61E /* UIImage + Extension.swift */; };
		F4569EBA27706F7500B0A61E /* SnapKit in Frameworks */ = {isa = PBXBuildFile; productRef = F4569EB927706F7500B0A61E /* SnapKit */; };
		F4569EC32770797700B0A61E /* OverviewCell.swift in Sources */ = {isa = PBXBuildFile; fileRef = F4569EC12770797700B0A61E /* OverviewCell.swift */; };
		F4569EC42770797700B0A61E /* OverviewCell.xib in Resources */ = {isa = PBXBuildFile; fileRef = F4569EC22770797700B0A61E /* OverviewCell.xib */; };
/* End PBXBuildFile section */

/* Begin PBXFileReference section */
		F4569E95277044FF00B0A61E /* SSAC_BeerRecommendation.app */ = {isa = PBXFileReference; explicitFileType = wrapper.application; includeInIndex = 0; path = SSAC_BeerRecommendation.app; sourceTree = BUILT_PRODUCTS_DIR; };
		F4569E98277044FF00B0A61E /* AppDelegate.swift */ = {isa = PBXFileReference; lastKnownFileType = sourcecode.swift; path = AppDelegate.swift; sourceTree = "<group>"; };
		F4569E9A277044FF00B0A61E /* SceneDelegate.swift */ = {isa = PBXFileReference; lastKnownFileType = sourcecode.swift; path = SceneDelegate.swift; sourceTree = "<group>"; };
		F4569E9C277044FF00B0A61E /* ViewController.swift */ = {isa = PBXFileReference; lastKnownFileType = sourcecode.swift; path = ViewController.swift; sourceTree = "<group>"; };
		F4569E9F277044FF00B0A61E /* Base */ = {isa = PBXFileReference; lastKnownFileType = file.storyboard; name = Base; path = Base.lproj/Main.storyboard; sourceTree = "<group>"; };
		F4569EA12770450200B0A61E /* Assets.xcassets */ = {isa = PBXFileReference; lastKnownFileType = folder.assetcatalog; path = Assets.xcassets; sourceTree = "<group>"; };
		F4569EA42770450200B0A61E /* Base */ = {isa = PBXFileReference; lastKnownFileType = file.storyboard; name = Base; path = Base.lproj/LaunchScreen.storyboard; sourceTree = "<group>"; };
		F4569EA62770450200B0A61E /* Info.plist */ = {isa = PBXFileReference; lastKnownFileType = text.plist.xml; path = Info.plist; sourceTree = "<group>"; };
		F4569EAC27704C2F00B0A61E /* StretchyHeader.swift */ = {isa = PBXFileReference; lastKnownFileType = sourcecode.swift; path = StretchyHeader.swift; sourceTree = "<group>"; };
		F4569EB02770576300B0A61E /* UIImage + Extension.swift */ = {isa = PBXFileReference; lastKnownFileType = sourcecode.swift; path = "UIImage + Extension.swift"; sourceTree = "<group>"; };
		F4569EC12770797700B0A61E /* OverviewCell.swift */ = {isa = PBXFileReference; lastKnownFileType = sourcecode.swift; path = OverviewCell.swift; sourceTree = "<group>"; };
		F4569EC22770797700B0A61E /* OverviewCell.xib */ = {isa = PBXFileReference; lastKnownFileType = file.xib; path = OverviewCell.xib; sourceTree = "<group>"; };
/* End PBXFileReference section */

/* Begin PBXFrameworksBuildPhase section */
		F4569E92277044FF00B0A61E /* Frameworks */ = {
			isa = PBXFrameworksBuildPhase;
			buildActionMask = 2147483647;
			files = (
				F4569EBA27706F7500B0A61E /* SnapKit in Frameworks */,
			);
			runOnlyForDeploymentPostprocessing = 0;
		};
/* End PBXFrameworksBuildPhase section */

/* Begin PBXGroup section */
		F4569E8C277044FF00B0A61E = {
			isa = PBXGroup;
			children = (
				F4569E97277044FF00B0A61E /* SSAC_BeerRecommendation */,
				F4569E96277044FF00B0A61E /* Products */,
			);
			sourceTree = "<group>";
		};
		F4569E96277044FF00B0A61E /* Products */ = {
			isa = PBXGroup;
			children = (
				F4569E95277044FF00B0A61E /* SSAC_BeerRecommendation.app */,
			);
			name = Products;
			sourceTree = "<group>";
		};
		F4569E97277044FF00B0A61E /* SSAC_BeerRecommendation */ = {
			isa = PBXGroup;
			children = (
				F4569E98277044FF00B0A61E /* AppDelegate.swift */,
				F4569E9A277044FF00B0A61E /* SceneDelegate.swift */,
				F4569E9C277044FF00B0A61E /* ViewController.swift */,
				F4569EC12770797700B0A61E /* OverviewCell.swift */,
				F4569EC22770797700B0A61E /* OverviewCell.xib */,
				F4569EAC27704C2F00B0A61E /* StretchyHeader.swift */,
				F4569E9E277044FF00B0A61E /* Main.storyboard */,
				F4569EA12770450200B0A61E /* Assets.xcassets */,
				F4569EA32770450200B0A61E /* LaunchScreen.storyboard */,
				F4569EAE2770573300B0A61E /* Extension */,
				F4569EA62770450200B0A61E /* Info.plist */,
			);
			path = SSAC_BeerRecommendation;
			sourceTree = "<group>";
		};
		F4569EAE2770573300B0A61E /* Extension */ = {
			isa = PBXGroup;
			children = (
				F4569EB02770576300B0A61E /* UIImage + Extension.swift */,
			);
			path = Extension;
			sourceTree = "<group>";
		};
/* End PBXGroup section */

/* Begin PBXNativeTarget section */
		F4569E94277044FF00B0A61E /* SSAC_BeerRecommendation */ = {
			isa = PBXNativeTarget;
			buildConfigurationList = F4569EA92770450200B0A61E /* Build configuration list for PBXNativeTarget "SSAC_BeerRecommendation" */;
			buildPhases = (
				F4569E91277044FF00B0A61E /* Sources */,
				F4569E92277044FF00B0A61E /* Frameworks */,
				F4569E93277044FF00B0A61E /* Resources */,
			);
			buildRules = (
			);
			dependencies = (
			);
			name = SSAC_BeerRecommendation;
			packageProductDependencies = (
				F4569EB927706F7500B0A61E /* SnapKit */,
			);
			productName = SSAC_BeerRecommendation;
			productReference = F4569E95277044FF00B0A61E /* SSAC_BeerRecommendation.app */;
			productType = "com.apple.product-type.application";
		};
/* End PBXNativeTarget section */

/* Begin PBXProject section */
		F4569E8D277044FF00B0A61E /* Project object */ = {
			isa = PBXProject;
			attributes = {
				BuildIndependentTargetsInParallel = 1;
				LastSwiftUpdateCheck = 1320;
				LastUpgradeCheck = 1320;
				TargetAttributes = {
					F4569E94277044FF00B0A61E = {
						CreatedOnToolsVersion = 13.2.1;
					};
				};
			};
			buildConfigurationList = F4569E90277044FF00B0A61E /* Build configuration list for PBXProject "SSAC_BeerRecommendation" */;
			compatibilityVersion = "Xcode 13.0";
			developmentRegion = en;
			hasScannedForEncodings = 0;
			knownRegions = (
				en,
				Base,
			);
			mainGroup = F4569E8C277044FF00B0A61E;
			packageReferences = (
				F4569EB827706F7500B0A61E /* XCRemoteSwiftPackageReference "SnapKit" */,
			);
			productRefGroup = F4569E96277044FF00B0A61E /* Products */;
			projectDirPath = "";
			projectRoot = "";
			targets = (
				F4569E94277044FF00B0A61E /* SSAC_BeerRecommendation */,
			);
		};
/* End PBXProject section */

/* Begin PBXResourcesBuildPhase section */
		F4569E93277044FF00B0A61E /* Resources */ = {
			isa = PBXResourcesBuildPhase;
			buildActionMask = 2147483647;
			files = (
				F4569EC42770797700B0A61E /* OverviewCell.xib in Resources */,
				F4569EA52770450200B0A61E /* LaunchScreen.storyboard in Resources */,
				F4569EA22770450200B0A61E /* Assets.xcassets in Resources */,
				F4569EA0277044FF00B0A61E /* Main.storyboard in Resources */,
			);
			runOnlyForDeploymentPostprocessing = 0;
		};
/* End PBXResourcesBuildPhase section */

/* Begin PBXSourcesBuildPhase section */
		F4569E91277044FF00B0A61E /* Sources */ = {
			isa = PBXSourcesBuildPhase;
			buildActionMask = 2147483647;
			files = (
				F4569EC32770797700B0A61E /* OverviewCell.swift in Sources */,
				F4569E9D277044FF00B0A61E /* ViewController.swift in Sources */,
				F4569E99277044FF00B0A61E /* AppDelegate.swift in Sources */,
				F4569E9B277044FF00B0A61E /* SceneDelegate.swift in Sources */,
				F4569EB12770576300B0A61E /* UIImage + Extension.swift in Sources */,
				F4569EAD27704C3000B0A61E /* StretchyHeader.swift in Sources */,
			);
			runOnlyForDeploymentPostprocessing = 0;
		};
/* End PBXSourcesBuildPhase section */

/* Begin PBXVariantGroup section */
		F4569E9E277044FF00B0A61E /* Main.storyboard */ = {
			isa = PBXVariantGroup;
			children = (
				F4569E9F277044FF00B0A61E /* Base */,
			);
			name = Main.storyboard;
			sourceTree = "<group>";
		};
		F4569EA32770450200B0A61E /* LaunchScreen.storyboard */ = {
			isa = PBXVariantGroup;
			children = (
				F4569EA42770450200B0A61E /* Base */,
			);
			name = LaunchScreen.storyboard;
			sourceTree = "<group>";
		};
/* End PBXVariantGroup section */

/* Begin XCBuildConfiguration section */
		F4569EA72770450200B0A61E /* Debug */ = {
			isa = XCBuildConfiguration;
			buildSettings = {
				ALWAYS_SEARCH_USER_PATHS = NO;
				CLANG_ANALYZER_NONNULL = YES;
				CLANG_ANALYZER_NUMBER_OBJECT_CONVERSION = YES_AGGRESSIVE;
				CLANG_CXX_LANGUAGE_STANDARD = "gnu++17";
				CLANG_CXX_LIBRARY = "libc++";
				CLANG_ENABLE_MODULES = YES;
				CLANG_ENABLE_OBJC_ARC = YES;
				CLANG_ENABLE_OBJC_WEAK = YES;
				CLANG_WARN_BLOCK_CAPTURE_AUTORELEASING = YES;
				CLANG_WARN_BOOL_CONVERSION = YES;
				CLANG_WARN_COMMA = YES;
				CLANG_WARN_CONSTANT_CONVERSION = YES;
				CLANG_WARN_DEPRECATED_OBJC_IMPLEMENTATIONS = YES;
				CLANG_WARN_DIRECT_OBJC_ISA_USAGE = YES_ERROR;
				CLANG_WARN_DOCUMENTATION_COMMENTS = YES;
				CLANG_WARN_EMPTY_BODY = YES;
				CLANG_WARN_ENUM_CONVERSION = YES;
				CLANG_WARN_INFINITE_RECURSION = YES;
				CLANG_WARN_INT_CONVERSION = YES;
				CLANG_WARN_NON_LITERAL_NULL_CONVERSION = YES;
				CLANG_WARN_OBJC_IMPLICIT_RETAIN_SELF = YES;
				CLANG_WARN_OBJC_LITERAL_CONVERSION = YES;
				CLANG_WARN_OBJC_ROOT_CLASS = YES_ERROR;
				CLANG_WARN_QUOTED_INCLUDE_IN_FRAMEWORK_HEADER = YES;
				CLANG_WARN_RANGE_LOOP_ANALYSIS = YES;
				CLANG_WARN_STRICT_PROTOTYPES = YES;
				CLANG_WARN_SUSPICIOUS_MOVE = YES;
				CLANG_WARN_UNGUARDED_AVAILABILITY = YES_AGGRESSIVE;
				CLANG_WARN_UNREACHABLE_CODE = YES;
				CLANG_WARN__DUPLICATE_METHOD_MATCH = YES;
				COPY_PHASE_STRIP = NO;
				DEBUG_INFORMATION_FORMAT = dwarf;
				ENABLE_STRICT_OBJC_MSGSEND = YES;
				ENABLE_TESTABILITY = YES;
				GCC_C_LANGUAGE_STANDARD = gnu11;
				GCC_DYNAMIC_NO_PIC = NO;
				GCC_NO_COMMON_BLOCKS = YES;
				GCC_OPTIMIZATION_LEVEL = 0;
				GCC_PREPROCESSOR_DEFINITIONS = (
					"DEBUG=1",
					"$(inherited)",
				);
				GCC_WARN_64_TO_32_BIT_CONVERSION = YES;
				GCC_WARN_ABOUT_RETURN_TYPE = YES_ERROR;
				GCC_WARN_UNDECLARED_SELECTOR = YES;
				GCC_WARN_UNINITIALIZED_AUTOS = YES_AGGRESSIVE;
				GCC_WARN_UNUSED_FUNCTION = YES;
				GCC_WARN_UNUSED_VARIABLE = YES;
				IPHONEOS_DEPLOYMENT_TARGET = 15.2;
				MTL_ENABLE_DEBUG_INFO = INCLUDE_SOURCE;
				MTL_FAST_MATH = YES;
				ONLY_ACTIVE_ARCH = YES;
				SDKROOT = iphoneos;
				SWIFT_ACTIVE_COMPILATION_CONDITIONS = DEBUG;
				SWIFT_OPTIMIZATION_LEVEL = "-Onone";
			};
			name = Debug;
		};
		F4569EA82770450200B0A61E /* Release */ = {
			isa = XCBuildConfiguration;
			buildSettings = {
				ALWAYS_SEARCH_USER_PATHS = NO;
				CLANG_ANALYZER_NONNULL = YES;
				CLANG_ANALYZER_NUMBER_OBJECT_CONVERSION = YES_AGGRESSIVE;
				CLANG_CXX_LANGUAGE_STANDARD = "gnu++17";
				CLANG_CXX_LIBRARY = "libc++";
				CLANG_ENABLE_MODULES = YES;
				CLANG_ENABLE_OBJC_ARC = YES;
				CLANG_ENABLE_OBJC_WEAK = YES;
				CLANG_WARN_BLOCK_CAPTURE_AUTORELEASING = YES;
				CLANG_WARN_BOOL_CONVERSION = YES;
				CLANG_WARN_COMMA = YES;
				CLANG_WARN_CONSTANT_CONVERSION = YES;
				CLANG_WARN_DEPRECATED_OBJC_IMPLEMENTATIONS = YES;
				CLANG_WARN_DIRECT_OBJC_ISA_USAGE = YES_ERROR;
				CLANG_WARN_DOCUMENTATION_COMMENTS = YES;
				CLANG_WARN_EMPTY_BODY = YES;
				CLANG_WARN_ENUM_CONVERSION = YES;
				CLANG_WARN_INFINITE_RECURSION = YES;
				CLANG_WARN_INT_CONVERSION = YES;
				CLANG_WARN_NON_LITERAL_NULL_CONVERSION = YES;
				CLANG_WARN_OBJC_IMPLICIT_RETAIN_SELF = YES;
				CLANG_WARN_OBJC_LITERAL_CONVERSION = YES;
				CLANG_WARN_OBJC_ROOT_CLASS = YES_ERROR;
				CLANG_WARN_QUOTED_INCLUDE_IN_FRAMEWORK_HEADER = YES;
				CLANG_WARN_RANGE_LOOP_ANALYSIS = YES;
				CLANG_WARN_STRICT_PROTOTYPES = YES;
				CLANG_WARN_SUSPICIOUS_MOVE = YES;
				CLANG_WARN_UNGUARDED_AVAILABILITY = YES_AGGRESSIVE;
				CLANG_WARN_UNREACHABLE_CODE = YES;
				CLANG_WARN__DUPLICATE_METHOD_MATCH = YES;
				COPY_PHASE_STRIP = NO;
				DEBUG_INFORMATION_FORMAT = "dwarf-with-dsym";
				ENABLE_NS_ASSERTIONS = NO;
				ENABLE_STRICT_OBJC_MSGSEND = YES;
				GCC_C_LANGUAGE_STANDARD = gnu11;
				GCC_NO_COMMON_BLOCKS = YES;
				GCC_WARN_64_TO_32_BIT_CONVERSION = YES;
				GCC_WARN_ABOUT_RETURN_TYPE = YES_ERROR;
				GCC_WARN_UNDECLARED_SELECTOR = YES;
				GCC_WARN_UNINITIALIZED_AUTOS = YES_AGGRESSIVE;
				GCC_WARN_UNUSED_FUNCTION = YES;
				GCC_WARN_UNUSED_VARIABLE = YES;
				IPHONEOS_DEPLOYMENT_TARGET = 15.2;
				MTL_ENABLE_DEBUG_INFO = NO;
				MTL_FAST_MATH = YES;
				SDKROOT = iphoneos;
				SWIFT_COMPILATION_MODE = wholemodule;
				SWIFT_OPTIMIZATION_LEVEL = "-O";
				VALIDATE_PRODUCT = YES;
			};
			name = Release;
		};
		F4569EAA2770450200B0A61E /* Debug */ = {
			isa = XCBuildConfiguration;
			buildSettings = {
				ASSETCATALOG_COMPILER_APPICON_NAME = AppIcon;
				ASSETCATALOG_COMPILER_GLOBAL_ACCENT_COLOR_NAME = AccentColor;
				CODE_SIGN_STYLE = Automatic;
				CURRENT_PROJECT_VERSION = 1;
				DEVELOPMENT_TEAM = AT2N75TMZD;
				GENERATE_INFOPLIST_FILE = YES;
				INFOPLIST_FILE = SSAC_BeerRecommendation/Info.plist;
				INFOPLIST_KEY_UIApplicationSupportsIndirectInputEvents = YES;
				INFOPLIST_KEY_UILaunchStoryboardName = LaunchScreen;
				INFOPLIST_KEY_UIMainStoryboardFile = Main;
				INFOPLIST_KEY_UISupportedInterfaceOrientations = UIInterfaceOrientationPortrait;
				INFOPLIST_KEY_UISupportedInterfaceOrientations_iPad = "UIInterfaceOrientationPortrait UIInterfaceOrientationPortraitUpsideDown UIInterfaceOrientationLandscapeLeft UIInterfaceOrientationLandscapeRight";
				INFOPLIST_KEY_UISupportedInterfaceOrientations_iPhone = "UIInterfaceOrientationPortrait UIInterfaceOrientationLandscapeLeft UIInterfaceOrientationLandscapeRight";
				LD_RUNPATH_SEARCH_PATHS = (
					"$(inherited)",
					"@executable_path/Frameworks",
				);
				MARKETING_VERSION = 1.0;
				PRODUCT_BUNDLE_IDENTIFIER = "com.simon.SSAC-BeerRecommendation";
				PRODUCT_NAME = "$(TARGET_NAME)";
				SWIFT_EMIT_LOC_STRINGS = YES;
				SWIFT_VERSION = 5.0;
				TARGETED_DEVICE_FAMILY = 1;
			};
			name = Debug;
		};
		F4569EAB2770450200B0A61E /* Release */ = {
			isa = XCBuildConfiguration;
			buildSettings = {
				ASSETCATALOG_COMPILER_APPICON_NAME = AppIcon;
				ASSETCATALOG_COMPILER_GLOBAL_ACCENT_COLOR_NAME = AccentColor;
				CODE_SIGN_STYLE = Automatic;
				CURRENT_PROJECT_VERSION = 1;
				DEVELOPMENT_TEAM = AT2N75TMZD;
				GENERATE_INFOPLIST_FILE = YES;
				INFOPLIST_FILE = SSAC_BeerRecommendation/Info.plist;
				INFOPLIST_KEY_UIApplicationSupportsIndirectInputEvents = YES;
				INFOPLIST_KEY_UILaunchStoryboardName = LaunchScreen;
				INFOPLIST_KEY_UIMainStoryboardFile = Main;
				INFOPLIST_KEY_UISupportedInterfaceOrientations = UIInterfaceOrientationPortrait;
				INFOPLIST_KEY_UISupportedInterfaceOrientations_iPad = "UIInterfaceOrientationPortrait UIInterfaceOrientationPortraitUpsideDown UIInterfaceOrientationLandscapeLeft UIInterfaceOrientationLandscapeRight";
				INFOPLIST_KEY_UISupportedInterfaceOrientations_iPhone = "UIInterfaceOrientationPortrait UIInterfaceOrientationLandscapeLeft UIInterfaceOrientationLandscapeRight";
				LD_RUNPATH_SEARCH_PATHS = (
					"$(inherited)",
					"@executable_path/Frameworks",
				);
				MARKETING_VERSION = 1.0;
				PRODUCT_BUNDLE_IDENTIFIER = "com.simon.SSAC-BeerRecommendation";
				PRODUCT_NAME = "$(TARGET_NAME)";
				SWIFT_EMIT_LOC_STRINGS = YES;
				SWIFT_VERSION = 5.0;
				TARGETED_DEVICE_FAMILY = 1;
			};
			name = Release;
		};
/* End XCBuildConfiguration section */

/* Begin XCConfigurationList section */
		F4569E90277044FF00B0A61E /* Build configuration list for PBXProject "SSAC_BeerRecommendation" */ = {
			isa = XCConfigurationList;
			buildConfigurations = (
				F4569EA72770450200B0A61E /* Debug */,
				F4569EA82770450200B0A61E /* Release */,
			);
			defaultConfigurationIsVisible = 0;
			defaultConfigurationName = Release;
		};
		F4569EA92770450200B0A61E /* Build configuration list for PBXNativeTarget "SSAC_BeerRecommendation" */ = {
			isa = XCConfigurationList;
			buildConfigurations = (
				F4569EAA2770450200B0A61E /* Debug */,
				F4569EAB2770450200B0A61E /* Release */,
			);
			defaultConfigurationIsVisible = 0;
			defaultConfigurationName = Release;
		};
/* End XCConfigurationList section */

/* Begin XCRemoteSwiftPackageReference section */
		F4569EB827706F7500B0A61E /* XCRemoteSwiftPackageReference "SnapKit" */ = {
			isa = XCRemoteSwiftPackageReference;
			repositoryURL = "https://github.com/SnapKit/SnapKit.git";
			requirement = {
				branch = develop;
				kind = branch;
			};
		};
/* End XCRemoteSwiftPackageReference section */

/* Begin XCSwiftPackageProductDependency section */
		F4569EB927706F7500B0A61E /* SnapKit */ = {
			isa = XCSwiftPackageProductDependency;
			package = F4569EB827706F7500B0A61E /* XCRemoteSwiftPackageReference "SnapKit" */;
			productName = SnapKit;
		};
/* End XCSwiftPackageProductDependency section */
	};
	rootObject = F4569E8D277044FF00B0A61E /* Project object */;
}
